// !$*UTF8*$!
{
	archiveVersion = 1;
	classes = {
	};
	objectVersion = 56;
	objects = {

/* Begin PBXBuildFile section */
		F29506A32B185B25005C4164 /* PandC.c in Sources */ = {isa = PBXBuildFile; fileRef = F29506A22B185B25005C4164 /* PandC.c */; };
		F29506AE2B185BB4005C4164 /* PandCsys.c in Sources */ = {isa = PBXBuildFile; fileRef = F29506AD2B185BB4005C4164 /* PandCsys.c */; };
		F29506B02B185BD6005C4164 /* WandR.c in Sources */ = {isa = PBXBuildFile; fileRef = F29506AF2B185BD6005C4164 /* WandR.c */; };
		F29506B22B185BEB005C4164 /* WandRsys.c in Sources */ = {isa = PBXBuildFile; fileRef = F29506B12B185BEB005C4164 /* WandRsys.c */; };
/* End PBXBuildFile section */

/* Begin PBXCopyFilesBuildPhase section */
		F295069D2B185B25005C4164 /* CopyFiles */ = {
			isa = PBXCopyFilesBuildPhase;
			buildActionMask = 2147483647;
			dstPath = /usr/share/man/man1/;
			dstSubfolderSpec = 0;
			files = (
			);
			runOnlyForDeploymentPostprocessing = 1;
		};
/* End PBXCopyFilesBuildPhase section */

/* Begin PBXFileReference section */
		F295069F2B185B25005C4164 /* sys */ = {isa = PBXFileReference; explicitFileType = "compiled.mach-o.executable"; includeInIndex = 0; path = sys; sourceTree = BUILT_PRODUCTS_DIR; };
		F29506A22B185B25005C4164 /* PandC.c */ = {isa = PBXFileReference; lastKnownFileType = sourcecode.c.c; path = PandC.c; sourceTree = "<group>"; };
		F29506AD2B185BB4005C4164 /* PandCsys.c */ = {isa = PBXFileReference; lastKnownFileType = sourcecode.c.c; path = PandCsys.c; sourceTree = "<group>"; };
		F29506AF2B185BD6005C4164 /* WandR.c */ = {isa = PBXFileReference; lastKnownFileType = sourcecode.c.c; path = WandR.c; sourceTree = "<group>"; };
		F29506B12B185BEB005C4164 /* WandRsys.c */ = {isa = PBXFileReference; lastKnownFileType = sourcecode.c.c; path = WandRsys.c; sourceTree = "<group>"; };
/* End PBXFileReference section */

/* Begin PBXFrameworksBuildPhase section */
		F295069C2B185B25005C4164 /* Frameworks */ = {
			isa = PBXFrameworksBuildPhase;
			buildActionMask = 2147483647;
			files = (
			);
			runOnlyForDeploymentPostprocessing = 0;
		};
/* End PBXFrameworksBuildPhase section */

/* Begin PBXGroup section */
		F29506962B185B25005C4164 = {
			isa = PBXGroup;
			children = (
				F29506A12B185B25005C4164 /* sys */,
				F29506A02B185B25005C4164 /* Products */,
			);
			sourceTree = "<group>";
		};
		F29506A02B185B25005C4164 /* Products */ = {
			isa = PBXGroup;
			children = (
				F295069F2B185B25005C4164 /* sys */,
			);
			name = Products;
			sourceTree = "<group>";
		};
		F29506A12B185B25005C4164 /* sys */ = {
			isa = PBXGroup;
			children = (
				F29506A22B185B25005C4164 /* PandC.c */,
				F29506AD2B185BB4005C4164 /* PandCsys.c */,
				F29506AF2B185BD6005C4164 /* WandR.c */,
				F29506B12B185BEB005C4164 /* WandRsys.c */,
			);
			path = sys;
			sourceTree = "<group>";
		};
/* End PBXGroup section */

/* Begin PBXNativeTarget section */
		F295069E2B185B25005C4164 /* sys */ = {
			isa = PBXNativeTarget;
			buildConfigurationList = F29506A62B185B25005C4164 /* Build configuration list for PBXNativeTarget "sys" */;
			buildPhases = (
				F295069B2B185B25005C4164 /* Sources */,
				F295069C2B185B25005C4164 /* Frameworks */,
				F295069D2B185B25005C4164 /* CopyFiles */,
			);
			buildRules = (
			);
			dependencies = (
			);
			name = sys;
			productName = sys;
			productReference = F295069F2B185B25005C4164 /* sys */;
			productType = "com.apple.product-type.tool";
		};
/* End PBXNativeTarget section */

/* Begin PBXProject section */
		F29506972B185B25005C4164 /* Project object */ = {
			isa = PBXProject;
			attributes = {
				BuildIndependentTargetsInParallel = 1;
				LastUpgradeCheck = 1430;
				TargetAttributes = {
					F295069E2B185B25005C4164 = {
						CreatedOnToolsVersion = 14.3;
					};
				};
			};
			buildConfigurationList = F295069A2B185B25005C4164 /* Build configuration list for PBXProject "sys" */;
			compatibilityVersion = "Xcode 14.0";
			developmentRegion = en;
			hasScannedForEncodings = 0;
			knownRegions = (
				en,
				Base,
			);
			mainGroup = F29506962B185B25005C4164;
			productRefGroup = F29506A02B185B25005C4164 /* Products */;
			projectDirPath = "";
			projectRoot = "";
			targets = (
				F295069E2B185B25005C4164 /* sys */,
			);
		};
/* End PBXProject section */

/* Begin PBXSourcesBuildPhase section */
		F295069B2B185B25005C4164 /* Sources */ = {
			isa = PBXSourcesBuildPhase;
			buildActionMask = 2147483647;
			files = (
				F29506B02B185BD6005C4164 /* WandR.c in Sources */,
				F29506AE2B185BB4005C4164 /* PandCsys.c in Sources */,
				F29506B22B185BEB005C4164 /* WandRsys.c in Sources */,
				F29506A32B185B25005C4164 /* PandC.c in Sources */,
			);
			runOnlyForDeploymentPostprocessing = 0;
		};
/* End PBXSourcesBuildPhase section */

/* Begin XCBuildConfiguration section */
		F29506A42B185B25005C4164 /* Debug */ = {
			isa = XCBuildConfiguration;
			buildSettings = {
				ALWAYS_SEARCH_USER_PATHS = NO;
				CLANG_ANALYZER_NONNULL = YES;
				CLANG_ANALYZER_NUMBER_OBJECT_CONVERSION = YES_AGGRESSIVE;
				CLANG_CXX_LANGUAGE_STANDARD = "gnu++20";
				CLANG_ENABLE_MODULES = YES;
				CLANG_ENABLE_OBJC_ARC = YES;
				CLANG_ENABLE_OBJC_WEAK = YES;
				CLANG_WARN_BLOCK_CAPTURE_AUTORELEASING = YES;
				CLANG_WARN_BOOL_CONVERSION = YES;
				CLANG_WARN_COMMA = YES;
				CLANG_WARN_CONSTANT_CONVERSION = YES;
				CLANG_WARN_DEPRECATED_OBJC_IMPLEMENTATIONS = YES;
				CLANG_WARN_DIRECT_OBJC_ISA_USAGE = YES_ERROR;
				CLANG_WARN_DOCUMENTATION_COMMENTS = YES;
				CLANG_WARN_EMPTY_BODY = YES;
				CLANG_WARN_ENUM_CONVERSION = YES;
				CLANG_WARN_INFINITE_RECURSION = YES;
				CLANG_WARN_INT_CONVERSION = YES;
				CLANG_WARN_NON_LITERAL_NULL_CONVERSION = YES;
				CLANG_WARN_OBJC_IMPLICIT_RETAIN_SELF = YES;
				CLANG_WARN_OBJC_LITERAL_CONVERSION = YES;
				CLANG_WARN_OBJC_ROOT_CLASS = YES_ERROR;
				CLANG_WARN_QUOTED_INCLUDE_IN_FRAMEWORK_HEADER = YES;
				CLANG_WARN_RANGE_LOOP_ANALYSIS = YES;
				CLANG_WARN_STRICT_PROTOTYPES = YES;
				CLANG_WARN_SUSPICIOUS_MOVE = YES;
				CLANG_WARN_UNGUARDED_AVAILABILITY = YES_AGGRESSIVE;
				CLANG_WARN_UNREACHABLE_CODE = YES;
				CLANG_WARN__DUPLICATE_METHOD_MATCH = YES;
				COPY_PHASE_STRIP = NO;
				DEBUG_INFORMATION_FORMAT = dwarf;
				ENABLE_STRICT_OBJC_MSGSEND = YES;
				ENABLE_TESTABILITY = YES;
				GCC_C_LANGUAGE_STANDARD = gnu11;
				GCC_DYNAMIC_NO_PIC = NO;
				GCC_NO_COMMON_BLOCKS = YES;
				GCC_OPTIMIZATION_LEVEL = 0;
				GCC_PREPROCESSOR_DEFINITIONS = (
					"DEBUG=1",
					"$(inherited)",
				);
				GCC_WARN_64_TO_32_BIT_CONVERSION = YES;
				GCC_WARN_ABOUT_RETURN_TYPE = YES_ERROR;
				GCC_WARN_UNDECLARED_SELECTOR = YES;
				GCC_WARN_UNINITIALIZED_AUTOS = YES_AGGRESSIVE;
				GCC_WARN_UNUSED_FUNCTION = YES;
				GCC_WARN_UNUSED_VARIABLE = YES;
				MACOSX_DEPLOYMENT_TARGET = 13.3;
				MTL_ENABLE_DEBUG_INFO = INCLUDE_SOURCE;
				MTL_FAST_MATH = YES;
				ONLY_ACTIVE_ARCH = YES;
				SDKROOT = macosx;
			};
			name = Debug;
		};
		F29506A52B185B25005C4164 /* Release */ = {
			isa = XCBuildConfiguration;
			buildSettings = {
				ALWAYS_SEARCH_USER_PATHS = NO;
				CLANG_ANALYZER_NONNULL = YES;
				CLANG_ANALYZER_NUMBER_OBJECT_CONVERSION = YES_AGGRESSIVE;
				CLANG_CXX_LANGUAGE_STANDARD = "gnu++20";
				CLANG_ENABLE_MODULES = YES;
				CLANG_ENABLE_OBJC_ARC = YES;
				CLANG_ENABLE_OBJC_WEAK = YES;
				CLANG_WARN_BLOCK_CAPTURE_AUTORELEASING = YES;
				CLANG_WARN_BOOL_CONVERSION = YES;
				CLANG_WARN_COMMA = YES;
				CLANG_WARN_CONSTANT_CONVERSION = YES;
				CLANG_WARN_DEPRECATED_OBJC_IMPLEMENTATIONS = YES;
				CLANG_WARN_DIRECT_OBJC_ISA_USAGE = YES_ERROR;
				CLANG_WARN_DOCUMENTATION_COMMENTS = YES;
				CLANG_WARN_EMPTY_BODY = YES;
				CLANG_WARN_ENUM_CONVERSION = YES;
				CLANG_WARN_INFINITE_RECURSION = YES;
				CLANG_WARN_INT_CONVERSION = YES;
				CLANG_WARN_NON_LITERAL_NULL_CONVERSION = YES;
				CLANG_WARN_OBJC_IMPLICIT_RETAIN_SELF = YES;
				CLANG_WARN_OBJC_LITERAL_CONVERSION = YES;
				CLANG_WARN_OBJC_ROOT_CLASS = YES_ERROR;
				CLANG_WARN_QUOTED_INCLUDE_IN_FRAMEWORK_HEADER = YES;
				CLANG_WARN_RANGE_LOOP_ANALYSIS = YES;
				CLANG_WARN_STRICT_PROTOTYPES = YES;
				CLANG_WARN_SUSPICIOUS_MOVE = YES;
				CLANG_WARN_UNGUARDED_AVAILABILITY = YES_AGGRESSIVE;
				CLANG_WARN_UNREACHABLE_CODE = YES;
				CLANG_WARN__DUPLICATE_METHOD_MATCH = YES;
				COPY_PHASE_STRIP = NO;
				DEBUG_INFORMATION_FORMAT = "dwarf-with-dsym";
				ENABLE_NS_ASSERTIONS = NO;
				ENABLE_STRICT_OBJC_MSGSEND = YES;
				GCC_C_LANGUAGE_STANDARD = gnu11;
				GCC_NO_COMMON_BLOCKS = YES;
				GCC_WARN_64_TO_32_BIT_CONVERSION = YES;
				GCC_WARN_ABOUT_RETURN_TYPE = YES_ERROR;
				GCC_WARN_UNDECLARED_SELECTOR = YES;
				GCC_WARN_UNINITIALIZED_AUTOS = YES_AGGRESSIVE;
				GCC_WARN_UNUSED_FUNCTION = YES;
				GCC_WARN_UNUSED_VARIABLE = YES;
				MACOSX_DEPLOYMENT_TARGET = 13.3;
				MTL_ENABLE_DEBUG_INFO = NO;
				MTL_FAST_MATH = YES;
				SDKROOT = macosx;
			};
			name = Release;
		};
		F29506A72B185B25005C4164 /* Debug */ = {
			isa = XCBuildConfiguration;
			buildSettings = {
				CODE_SIGN_STYLE = Automatic;
				DEVELOPMENT_TEAM = 5RHQLNQ8C8;
				ENABLE_HARDENED_RUNTIME = YES;
				PRODUCT_NAME = "$(TARGET_NAME)";
			};
			name = Debug;
		};
		F29506A82B185B25005C4164 /* Release */ = {
			isa = XCBuildConfiguration;
			buildSettings = {
				CODE_SIGN_STYLE = Automatic;
				DEVELOPMENT_TEAM = 5RHQLNQ8C8;
				ENABLE_HARDENED_RUNTIME = YES;
				PRODUCT_NAME = "$(TARGET_NAME)";
			};
			name = Release;
		};
/* End XCBuildConfiguration section */

/* Begin XCConfigurationList section */
		F295069A2B185B25005C4164 /* Build configuration list for PBXProject "sys" */ = {
			isa = XCConfigurationList;
			buildConfigurations = (
				F29506A42B185B25005C4164 /* Debug */,
				F29506A52B185B25005C4164 /* Release */,
			);
			defaultConfigurationIsVisible = 0;
			defaultConfigurationName = Release;
		};
		F29506A62B185B25005C4164 /* Build configuration list for PBXNativeTarget "sys" */ = {
			isa = XCConfigurationList;
			buildConfigurations = (
				F29506A72B185B25005C4164 /* Debug */,
				F29506A82B185B25005C4164 /* Release */,
			);
			defaultConfigurationIsVisible = 0;
			defaultConfigurationName = Release;
		};
/* End XCConfigurationList section */
	};
	rootObject = F29506972B185B25005C4164 /* Project object */;
}
